// !$*UTF8*$!
{
	archiveVersion = 1;
	classes = {
	};
	objectVersion = 48;
	objects = {

/* Begin PBXBuildFile section */
		DE15FF971F85467D004E7D51 /* AppDelegate.swift in Sources */ = {isa = PBXBuildFile; fileRef = DE15FF961F85467D004E7D51 /* AppDelegate.swift */; };
		DE15FF991F85467D004E7D51 /* ViewController.swift in Sources */ = {isa = PBXBuildFile; fileRef = DE15FF981F85467D004E7D51 /* ViewController.swift */; };
		DE15FF9C1F85467D004E7D51 /* Main.storyboard in Resources */ = {isa = PBXBuildFile; fileRef = DE15FF9A1F85467D004E7D51 /* Main.storyboard */; };
		DE15FF9E1F85467D004E7D51 /* Assets.xcassets in Resources */ = {isa = PBXBuildFile; fileRef = DE15FF9D1F85467D004E7D51 /* Assets.xcassets */; };
		DE15FFA11F85467D004E7D51 /* LaunchScreen.storyboard in Resources */ = {isa = PBXBuildFile; fileRef = DE15FF9F1F85467D004E7D51 /* LaunchScreen.storyboard */; };
		DE15FFAC1F85467D004E7D51 /* UserNotificationControllerTests.swift in Sources */ = {isa = PBXBuildFile; fileRef = DE15FFAB1F85467D004E7D51 /* UserNotificationControllerTests.swift */; };
		DE15FFB81F854B79004E7D51 /* UserNotificationController.swift in Sources */ = {isa = PBXBuildFile; fileRef = DE15FFB71F854B79004E7D51 /* UserNotificationController.swift */; };
		DE3226961F85890A00BE4126 /* UNCenterAuthRequester.swift in Sources */ = {isa = PBXBuildFile; fileRef = DE3226951F85890A00BE4126 /* UNCenterAuthRequester.swift */; };
		DE3226971F85895E00BE4126 /* FauxAuthRequester.swift in Sources */ = {isa = PBXBuildFile; fileRef = DEFD2C351F856EDD0002D918 /* FauxAuthRequester.swift */; };
		DE41BDB11F85A065007CBDDD /* FetchRequestTests.swift in Sources */ = {isa = PBXBuildFile; fileRef = DE41BDB01F85A065007CBDDD /* FetchRequestTests.swift */; };
		DE66A1011F854FE7009C00E2 /* User.swift in Sources */ = {isa = PBXBuildFile; fileRef = DE66A1001F854FE7009C00E2 /* User.swift */; };
		DEFD2C341F856CC60002D918 /* UNUserNotificationCenterExtension.swift in Sources */ = {isa = PBXBuildFile; fileRef = DEFD2C331F856CC60002D918 /* UNUserNotificationCenterExtension.swift */; };
/* End PBXBuildFile section */

/* Begin PBXContainerItemProxy section */
		DE15FFA81F85467D004E7D51 /* PBXContainerItemProxy */ = {
			isa = PBXContainerItemProxy;
			containerPortal = DE15FF8B1F85467D004E7D51 /* Project object */;
			proxyType = 1;
			remoteGlobalIDString = DE15FF921F85467D004E7D51;
			remoteInfo = MockPlay;
		};
/* End PBXContainerItemProxy section */

/* Begin PBXFileReference section */
		DE15FF931F85467D004E7D51 /* MockPlay.app */ = {isa = PBXFileReference; explicitFileType = wrapper.application; includeInIndex = 0; path = MockPlay.app; sourceTree = BUILT_PRODUCTS_DIR; };
		DE15FF961F85467D004E7D51 /* AppDelegate.swift */ = {isa = PBXFileReference; lastKnownFileType = sourcecode.swift; path = AppDelegate.swift; sourceTree = "<group>"; };
		DE15FF981F85467D004E7D51 /* ViewController.swift */ = {isa = PBXFileReference; lastKnownFileType = sourcecode.swift; path = ViewController.swift; sourceTree = "<group>"; };
		DE15FF9B1F85467D004E7D51 /* Base */ = {isa = PBXFileReference; lastKnownFileType = file.storyboard; name = Base; path = Base.lproj/Main.storyboard; sourceTree = "<group>"; };
		DE15FF9D1F85467D004E7D51 /* Assets.xcassets */ = {isa = PBXFileReference; lastKnownFileType = folder.assetcatalog; path = Assets.xcassets; sourceTree = "<group>"; };
		DE15FFA01F85467D004E7D51 /* Base */ = {isa = PBXFileReference; lastKnownFileType = file.storyboard; name = Base; path = Base.lproj/LaunchScreen.storyboard; sourceTree = "<group>"; };
		DE15FFA21F85467D004E7D51 /* Info.plist */ = {isa = PBXFileReference; lastKnownFileType = text.plist.xml; path = Info.plist; sourceTree = "<group>"; };
		DE15FFA71F85467D004E7D51 /* MockPlayTests.xctest */ = {isa = PBXFileReference; explicitFileType = wrapper.cfbundle; includeInIndex = 0; path = MockPlayTests.xctest; sourceTree = BUILT_PRODUCTS_DIR; };
		DE15FFAB1F85467D004E7D51 /* UserNotificationControllerTests.swift */ = {isa = PBXFileReference; lastKnownFileType = sourcecode.swift; path = UserNotificationControllerTests.swift; sourceTree = "<group>"; };
		DE15FFAD1F85467D004E7D51 /* Info.plist */ = {isa = PBXFileReference; lastKnownFileType = text.plist.xml; path = Info.plist; sourceTree = "<group>"; };
		DE15FFB61F8546FC004E7D51 /* README.md */ = {isa = PBXFileReference; lastKnownFileType = net.daringfireball.markdown; path = README.md; sourceTree = "<group>"; };
		DE15FFB71F854B79004E7D51 /* UserNotificationController.swift */ = {isa = PBXFileReference; lastKnownFileType = sourcecode.swift; path = UserNotificationController.swift; sourceTree = "<group>"; };
		DE3226951F85890A00BE4126 /* UNCenterAuthRequester.swift */ = {isa = PBXFileReference; lastKnownFileType = sourcecode.swift; path = UNCenterAuthRequester.swift; sourceTree = "<group>"; };
		DE41BDB01F85A065007CBDDD /* FetchRequestTests.swift */ = {isa = PBXFileReference; lastKnownFileType = sourcecode.swift; path = FetchRequestTests.swift; sourceTree = "<group>"; };
		DE66A1001F854FE7009C00E2 /* User.swift */ = {isa = PBXFileReference; lastKnownFileType = sourcecode.swift; path = User.swift; sourceTree = "<group>"; };
		DEFD2C331F856CC60002D918 /* UNUserNotificationCenterExtension.swift */ = {isa = PBXFileReference; lastKnownFileType = sourcecode.swift; path = UNUserNotificationCenterExtension.swift; sourceTree = "<group>"; };
		DEFD2C351F856EDD0002D918 /* FauxAuthRequester.swift */ = {isa = PBXFileReference; lastKnownFileType = sourcecode.swift; path = FauxAuthRequester.swift; sourceTree = "<group>"; };
/* End PBXFileReference section */

/* Begin PBXFrameworksBuildPhase section */
		DE15FF901F85467D004E7D51 /* Frameworks */ = {
			isa = PBXFrameworksBuildPhase;
			buildActionMask = 2147483647;
			files = (
			);
			runOnlyForDeploymentPostprocessing = 0;
		};
		DE15FFA41F85467D004E7D51 /* Frameworks */ = {
			isa = PBXFrameworksBuildPhase;
			buildActionMask = 2147483647;
			files = (
			);
			runOnlyForDeploymentPostprocessing = 0;
		};
/* End PBXFrameworksBuildPhase section */

/* Begin PBXGroup section */
		DE15FF8A1F85467D004E7D51 = {
			isa = PBXGroup;
			children = (
				DE15FFB61F8546FC004E7D51 /* README.md */,
				DE15FF951F85467D004E7D51 /* MockPlay */,
				DE15FFAA1F85467D004E7D51 /* MockPlayTests */,
				DE15FF941F85467D004E7D51 /* Products */,
			);
			sourceTree = "<group>";
		};
		DE15FF941F85467D004E7D51 /* Products */ = {
			isa = PBXGroup;
			children = (
				DE15FF931F85467D004E7D51 /* MockPlay.app */,
				DE15FFA71F85467D004E7D51 /* MockPlayTests.xctest */,
			);
			name = Products;
			sourceTree = "<group>";
		};
		DE15FF951F85467D004E7D51 /* MockPlay */ = {
			isa = PBXGroup;
			children = (
				DEFD2C371F8570F40002D918 /* push */,
				DE15FF961F85467D004E7D51 /* AppDelegate.swift */,
				DE15FF981F85467D004E7D51 /* ViewController.swift */,
				DE15FF9A1F85467D004E7D51 /* Main.storyboard */,
				DE15FF9D1F85467D004E7D51 /* Assets.xcassets */,
				DE15FF9F1F85467D004E7D51 /* LaunchScreen.storyboard */,
				DE15FFA21F85467D004E7D51 /* Info.plist */,
			);
			path = MockPlay;
			sourceTree = "<group>";
		};
		DE15FFAA1F85467D004E7D51 /* MockPlayTests */ = {
			isa = PBXGroup;
			children = (
				DEFD2C351F856EDD0002D918 /* FauxAuthRequester.swift */,
				DE15FFAB1F85467D004E7D51 /* UserNotificationControllerTests.swift */,
				DE15FFAD1F85467D004E7D51 /* Info.plist */,
				DE41BDB01F85A065007CBDDD /* FetchRequestTests.swift */,
			);
			path = MockPlayTests;
			sourceTree = "<group>";
		};
		DEFD2C371F8570F40002D918 /* push */ = {
			isa = PBXGroup;
			children = (
				DE3226951F85890A00BE4126 /* UNCenterAuthRequester.swift */,
				DE15FFB71F854B79004E7D51 /* UserNotificationController.swift */,
				DEFD2C331F856CC60002D918 /* UNUserNotificationCenterExtension.swift */,
				DE66A1001F854FE7009C00E2 /* User.swift */,
			);
			path = push;
			sourceTree = "<group>";
		};
/* End PBXGroup section */

/* Begin PBXNativeTarget section */
		DE15FF921F85467D004E7D51 /* MockPlay */ = {
			isa = PBXNativeTarget;
			buildConfigurationList = DE15FFB01F85467D004E7D51 /* Build configuration list for PBXNativeTarget "MockPlay" */;
			buildPhases = (
				DE15FF8F1F85467D004E7D51 /* Sources */,
				DE15FF901F85467D004E7D51 /* Frameworks */,
				DE15FF911F85467D004E7D51 /* Resources */,
			);
			buildRules = (
			);
			dependencies = (
			);
			name = MockPlay;
			productName = MockPlay;
			productReference = DE15FF931F85467D004E7D51 /* MockPlay.app */;
			productType = "com.apple.product-type.application";
		};
		DE15FFA61F85467D004E7D51 /* MockPlayTests */ = {
			isa = PBXNativeTarget;
			buildConfigurationList = DE15FFB31F85467D004E7D51 /* Build configuration list for PBXNativeTarget "MockPlayTests" */;
			buildPhases = (
				DE15FFA31F85467D004E7D51 /* Sources */,
				DE15FFA41F85467D004E7D51 /* Frameworks */,
				DE15FFA51F85467D004E7D51 /* Resources */,
			);
			buildRules = (
			);
			dependencies = (
				DE15FFA91F85467D004E7D51 /* PBXTargetDependency */,
			);
			name = MockPlayTests;
			productName = MockPlayTests;
			productReference = DE15FFA71F85467D004E7D51 /* MockPlayTests.xctest */;
			productType = "com.apple.product-type.bundle.unit-test";
		};
/* End PBXNativeTarget section */

/* Begin PBXProject section */
		DE15FF8B1F85467D004E7D51 /* Project object */ = {
			isa = PBXProject;
			attributes = {
				LastSwiftUpdateCheck = 0900;
				LastUpgradeCheck = 0900;
				ORGANIZATIONNAME = "Beepscore LLC";
				TargetAttributes = {
					DE15FF921F85467D004E7D51 = {
						CreatedOnToolsVersion = 9.0;
						ProvisioningStyle = Automatic;
					};
					DE15FFA61F85467D004E7D51 = {
						CreatedOnToolsVersion = 9.0;
						ProvisioningStyle = Automatic;
						TestTargetID = DE15FF921F85467D004E7D51;
					};
				};
			};
			buildConfigurationList = DE15FF8E1F85467D004E7D51 /* Build configuration list for PBXProject "MockPlay" */;
			compatibilityVersion = "Xcode 8.0";
			developmentRegion = en;
			hasScannedForEncodings = 0;
			knownRegions = (
				en,
				Base,
			);
			mainGroup = DE15FF8A1F85467D004E7D51;
			productRefGroup = DE15FF941F85467D004E7D51 /* Products */;
			projectDirPath = "";
			projectRoot = "";
			targets = (
				DE15FF921F85467D004E7D51 /* MockPlay */,
				DE15FFA61F85467D004E7D51 /* MockPlayTests */,
			);
		};
/* End PBXProject section */

/* Begin PBXResourcesBuildPhase section */
		DE15FF911F85467D004E7D51 /* Resources */ = {
			isa = PBXResourcesBuildPhase;
			buildActionMask = 2147483647;
			files = (
				DE15FFA11F85467D004E7D51 /* LaunchScreen.storyboard in Resources */,
				DE15FF9E1F85467D004E7D51 /* Assets.xcassets in Resources */,
				DE15FF9C1F85467D004E7D51 /* Main.storyboard in Resources */,
			);
			runOnlyForDeploymentPostprocessing = 0;
		};
		DE15FFA51F85467D004E7D51 /* Resources */ = {
			isa = PBXResourcesBuildPhase;
			buildActionMask = 2147483647;
			files = (
			);
			runOnlyForDeploymentPostprocessing = 0;
		};
/* End PBXResourcesBuildPhase section */

/* Begin PBXSourcesBuildPhase section */
		DE15FF8F1F85467D004E7D51 /* Sources */ = {
			isa = PBXSourcesBuildPhase;
			buildActionMask = 2147483647;
			files = (
				DEFD2C341F856CC60002D918 /* UNUserNotificationCenterExtension.swift in Sources */,
				DE15FF991F85467D004E7D51 /* ViewController.swift in Sources */,
				DE3226961F85890A00BE4126 /* UNCenterAuthRequester.swift in Sources */,
				DE15FFB81F854B79004E7D51 /* UserNotificationController.swift in Sources */,
				DE66A1011F854FE7009C00E2 /* User.swift in Sources */,
				DE15FF971F85467D004E7D51 /* AppDelegate.swift in Sources */,
			);
			runOnlyForDeploymentPostprocessing = 0;
		};
		DE15FFA31F85467D004E7D51 /* Sources */ = {
			isa = PBXSourcesBuildPhase;
			buildActionMask = 2147483647;
			files = (
				DE41BDB11F85A065007CBDDD /* FetchRequestTests.swift in Sources */,
				DE3226971F85895E00BE4126 /* FauxAuthRequester.swift in Sources */,
				DE15FFAC1F85467D004E7D51 /* UserNotificationControllerTests.swift in Sources */,
			);
			runOnlyForDeploymentPostprocessing = 0;
		};
/* End PBXSourcesBuildPhase section */

/* Begin PBXTargetDependency section */
		DE15FFA91F85467D004E7D51 /* PBXTargetDependency */ = {
			isa = PBXTargetDependency;
			target = DE15FF921F85467D004E7D51 /* MockPlay */;
			targetProxy = DE15FFA81F85467D004E7D51 /* PBXContainerItemProxy */;
		};
/* End PBXTargetDependency section */

/* Begin PBXVariantGroup section */
		DE15FF9A1F85467D004E7D51 /* Main.storyboard */ = {
			isa = PBXVariantGroup;
			children = (
				DE15FF9B1F85467D004E7D51 /* Base */,
			);
			name = Main.storyboard;
			sourceTree = "<group>";
		};
		DE15FF9F1F85467D004E7D51 /* LaunchScreen.storyboard */ = {
			isa = PBXVariantGroup;
			children = (
				DE15FFA01F85467D004E7D51 /* Base */,
			);
			name = LaunchScreen.storyboard;
			sourceTree = "<group>";
		};
/* End PBXVariantGroup section */

/* Begin XCBuildConfiguration section */
		DE15FFAE1F85467D004E7D51 /* Debug */ = {
			isa = XCBuildConfiguration;
			buildSettings = {
				ALWAYS_SEARCH_USER_PATHS = NO;
				CLANG_ANALYZER_NONNULL = YES;
				CLANG_ANALYZER_NUMBER_OBJECT_CONVERSION = YES_AGGRESSIVE;
				CLANG_CXX_LANGUAGE_STANDARD = "gnu++14";
				CLANG_CXX_LIBRARY = "libc++";
				CLANG_ENABLE_MODULES = YES;
				CLANG_ENABLE_OBJC_ARC = YES;
				CLANG_WARN_BLOCK_CAPTURE_AUTORELEASING = YES;
				CLANG_WARN_BOOL_CONVERSION = YES;
				CLANG_WARN_COMMA = YES;
				CLANG_WARN_CONSTANT_CONVERSION = YES;
				CLANG_WARN_DIRECT_OBJC_ISA_USAGE = YES_ERROR;
				CLANG_WARN_DOCUMENTATION_COMMENTS = YES;
				CLANG_WARN_EMPTY_BODY = YES;
				CLANG_WARN_ENUM_CONVERSION = YES;
				CLANG_WARN_INFINITE_RECURSION = YES;
				CLANG_WARN_INT_CONVERSION = YES;
				CLANG_WARN_NON_LITERAL_NULL_CONVERSION = YES;
				CLANG_WARN_OBJC_LITERAL_CONVERSION = YES;
				CLANG_WARN_OBJC_ROOT_CLASS = YES_ERROR;
				CLANG_WARN_RANGE_LOOP_ANALYSIS = YES;
				CLANG_WARN_STRICT_PROTOTYPES = YES;
				CLANG_WARN_SUSPICIOUS_MOVE = YES;
				CLANG_WARN_UNGUARDED_AVAILABILITY = YES_AGGRESSIVE;
				CLANG_WARN_UNREACHABLE_CODE = YES;
				CLANG_WARN__DUPLICATE_METHOD_MATCH = YES;
				CODE_SIGN_IDENTITY = "iPhone Developer";
				COPY_PHASE_STRIP = NO;
				DEBUG_INFORMATION_FORMAT = dwarf;
				ENABLE_STRICT_OBJC_MSGSEND = YES;
				ENABLE_TESTABILITY = YES;
				GCC_C_LANGUAGE_STANDARD = gnu11;
				GCC_DYNAMIC_NO_PIC = NO;
				GCC_NO_COMMON_BLOCKS = YES;
				GCC_OPTIMIZATION_LEVEL = 0;
				GCC_PREPROCESSOR_DEFINITIONS = (
					"DEBUG=1",
					"$(inherited)",
				);
				GCC_WARN_64_TO_32_BIT_CONVERSION = YES;
				GCC_WARN_ABOUT_RETURN_TYPE = YES_ERROR;
				GCC_WARN_UNDECLARED_SELECTOR = YES;
				GCC_WARN_UNINITIALIZED_AUTOS = YES_AGGRESSIVE;
				GCC_WARN_UNUSED_FUNCTION = YES;
				GCC_WARN_UNUSED_VARIABLE = YES;
				IPHONEOS_DEPLOYMENT_TARGET = 11.0;
				MTL_ENABLE_DEBUG_INFO = YES;
				ONLY_ACTIVE_ARCH = YES;
				SDKROOT = iphoneos;
				SWIFT_ACTIVE_COMPILATION_CONDITIONS = DEBUG;
				SWIFT_OPTIMIZATION_LEVEL = "-Onone";
			};
			name = Debug;
		};
		DE15FFAF1F85467D004E7D51 /* Release */ = {
			isa = XCBuildConfiguration;
			buildSettings = {
				ALWAYS_SEARCH_USER_PATHS = NO;
				CLANG_ANALYZER_NONNULL = YES;
				CLANG_ANALYZER_NUMBER_OBJECT_CONVERSION = YES_AGGRESSIVE;
				CLANG_CXX_LANGUAGE_STANDARD = "gnu++14";
				CLANG_CXX_LIBRARY = "libc++";
				CLANG_ENABLE_MODULES = YES;
				CLANG_ENABLE_OBJC_ARC = YES;
				CLANG_WARN_BLOCK_CAPTURE_AUTORELEASING = YES;
				CLANG_WARN_BOOL_CONVERSION = YES;
				CLANG_WARN_COMMA = YES;
				CLANG_WARN_CONSTANT_CONVERSION = YES;
				CLANG_WARN_DIRECT_OBJC_ISA_USAGE = YES_ERROR;
				CLANG_WARN_DOCUMENTATION_COMMENTS = YES;
				CLANG_WARN_EMPTY_BODY = YES;
				CLANG_WARN_ENUM_CONVERSION = YES;
				CLANG_WARN_INFINITE_RECURSION = YES;
				CLANG_WARN_INT_CONVERSION = YES;
				CLANG_WARN_NON_LITERAL_NULL_CONVERSION = YES;
				CLANG_WARN_OBJC_LITERAL_CONVERSION = YES;
				CLANG_WARN_OBJC_ROOT_CLASS = YES_ERROR;
				CLANG_WARN_RANGE_LOOP_ANALYSIS = YES;
				CLANG_WARN_STRICT_PROTOTYPES = YES;
				CLANG_WARN_SUSPICIOUS_MOVE = YES;
				CLANG_WARN_UNGUARDED_AVAILABILITY = YES_AGGRESSIVE;
				CLANG_WARN_UNREACHABLE_CODE = YES;
				CLANG_WARN__DUPLICATE_METHOD_MATCH = YES;
				CODE_SIGN_IDENTITY = "iPhone Developer";
				COPY_PHASE_STRIP = NO;
				DEBUG_INFORMATION_FORMAT = "dwarf-with-dsym";
				ENABLE_NS_ASSERTIONS = NO;
				ENABLE_STRICT_OBJC_MSGSEND = YES;
				GCC_C_LANGUAGE_STANDARD = gnu11;
				GCC_NO_COMMON_BLOCKS = YES;
				GCC_WARN_64_TO_32_BIT_CONVERSION = YES;
				GCC_WARN_ABOUT_RETURN_TYPE = YES_ERROR;
				GCC_WARN_UNDECLARED_SELECTOR = YES;
				GCC_WARN_UNINITIALIZED_AUTOS = YES_AGGRESSIVE;
				GCC_WARN_UNUSED_FUNCTION = YES;
				GCC_WARN_UNUSED_VARIABLE = YES;
				IPHONEOS_DEPLOYMENT_TARGET = 11.0;
				MTL_ENABLE_DEBUG_INFO = NO;
				SDKROOT = iphoneos;
				SWIFT_OPTIMIZATION_LEVEL = "-Owholemodule";
				VALIDATE_PRODUCT = YES;
			};
			name = Release;
		};
		DE15FFB11F85467D004E7D51 /* Debug */ = {
			isa = XCBuildConfiguration;
			buildSettings = {
				ASSETCATALOG_COMPILER_APPICON_NAME = AppIcon;
				CODE_SIGN_STYLE = Automatic;
				DEVELOPMENT_TEAM = J2LXK9FK3W;
				INFOPLIST_FILE = MockPlay/Info.plist;
				LD_RUNPATH_SEARCH_PATHS = "$(inherited) @executable_path/Frameworks";
				PRODUCT_BUNDLE_IDENTIFIER = com.beepscore.MockPlay;
				PRODUCT_NAME = "$(TARGET_NAME)";
				SWIFT_VERSION = 4.0;
				TARGETED_DEVICE_FAMILY = "1,2";
			};
			name = Debug;
		};
		DE15FFB21F85467D004E7D51 /* Release */ = {
			isa = XCBuildConfiguration;
			buildSettings = {
				ASSETCATALOG_COMPILER_APPICON_NAME = AppIcon;
				CODE_SIGN_STYLE = Automatic;
				DEVELOPMENT_TEAM = J2LXK9FK3W;
				INFOPLIST_FILE = MockPlay/Info.plist;
				LD_RUNPATH_SEARCH_PATHS = "$(inherited) @executable_path/Frameworks";
				PRODUCT_BUNDLE_IDENTIFIER = com.beepscore.MockPlay;
				PRODUCT_NAME = "$(TARGET_NAME)";
				SWIFT_VERSION = 4.0;
				TARGETED_DEVICE_FAMILY = "1,2";
			};
			name = Release;
		};
		DE15FFB41F85467D004E7D51 /* Debug */ = {
			isa = XCBuildConfiguration;
			buildSettings = {
				ALWAYS_EMBED_SWIFT_STANDARD_LIBRARIES = YES;
				BUNDLE_LOADER = "$(TEST_HOST)";
				CODE_SIGN_STYLE = Automatic;
				DEVELOPMENT_TEAM = J2LXK9FK3W;
				INFOPLIST_FILE = MockPlayTests/Info.plist;
				LD_RUNPATH_SEARCH_PATHS = "$(inherited) @executable_path/Frameworks @loader_path/Frameworks";
				PRODUCT_BUNDLE_IDENTIFIER = com.beepscore.MockPlayTests;
				PRODUCT_NAME = "$(TARGET_NAME)";
				SWIFT_VERSION = 4.0;
				TARGETED_DEVICE_FAMILY = "1,2";
				TEST_HOST = "$(BUILT_PRODUCTS_DIR)/MockPlay.app/MockPlay";
			};
			name = Debug;
		};
		DE15FFB51F85467D004E7D51 /* Release */ = {
			isa = XCBuildConfiguration;
			buildSettings = {
				ALWAYS_EMBED_SWIFT_STANDARD_LIBRARIES = YES;
				BUNDLE_LOADER = "$(TEST_HOST)";
				CODE_SIGN_STYLE = Automatic;
				DEVELOPMENT_TEAM = J2LXK9FK3W;
				INFOPLIST_FILE = MockPlayTests/Info.plist;
				LD_RUNPATH_SEARCH_PATHS = "$(inherited) @executable_path/Frameworks @loader_path/Frameworks";
				PRODUCT_BUNDLE_IDENTIFIER = com.beepscore.MockPlayTests;
				PRODUCT_NAME = "$(TARGET_NAME)";
				SWIFT_VERSION = 4.0;
				TARGETED_DEVICE_FAMILY = "1,2";
				TEST_HOST = "$(BUILT_PRODUCTS_DIR)/MockPlay.app/MockPlay";
			};
			name = Release;
		};
/* End XCBuildConfiguration section */

/* Begin XCConfigurationList section */
		DE15FF8E1F85467D004E7D51 /* Build configuration list for PBXProject "MockPlay" */ = {
			isa = XCConfigurationList;
			buildConfigurations = (
				DE15FFAE1F85467D004E7D51 /* Debug */,
				DE15FFAF1F85467D004E7D51 /* Release */,
			);
			defaultConfigurationIsVisible = 0;
			defaultConfigurationName = Release;
		};
		DE15FFB01F85467D004E7D51 /* Build configuration list for PBXNativeTarget "MockPlay" */ = {
			isa = XCConfigurationList;
			buildConfigurations = (
				DE15FFB11F85467D004E7D51 /* Debug */,
				DE15FFB21F85467D004E7D51 /* Release */,
			);
			defaultConfigurationIsVisible = 0;
			defaultConfigurationName = Release;
		};
		DE15FFB31F85467D004E7D51 /* Build configuration list for PBXNativeTarget "MockPlayTests" */ = {
			isa = XCConfigurationList;
			buildConfigurations = (
				DE15FFB41F85467D004E7D51 /* Debug */,
				DE15FFB51F85467D004E7D51 /* Release */,
			);
			defaultConfigurationIsVisible = 0;
			defaultConfigurationName = Release;
		};
/* End XCConfigurationList section */
	};
	rootObject = DE15FF8B1F85467D004E7D51 /* Project object */;
}
